
Microsoft Visual Studio Solution File, Format Version 12.00
# Visual Studio Version 16
VisualStudioVersion = 16.0.33801.447
MinimumVisualStudioVersion = 10.0.40219.1
Project("{FAE04EC0-301F-11D3-BF4B-00C04F79EFBC}") = "New_Project", "New_Project\New_Project.csproj", "{259E592C-EDD0-4BD6-A242-96762E96DE37}"
EndProject
Global
	GlobalSection(SolutionConfigurationPlatforms) = preSolution
		Debug|Any CPU = Debug|Any CPU
		Release|Any CPU = Release|Any CPU
	EndGlobalSection
	GlobalSection(ProjectConfigurationPlatforms) = postSolution
		{259E592C-EDD0-4BD6-A242-96762E96DE37}.Debug|Any CPU.ActiveCfg = Debug|Any CPU
		{259E592C-EDD0-4BD6-A242-96762E96DE37}.Debug|Any CPU.Build.0 = Debug|Any CPU
		{259E592C-EDD0-4BD6-A242-96762E96DE37}.Release|Any CPU.ActiveCfg = Release|Any CPU
		{259E592C-EDD0-4BD6-A242-96762E96DE37}.Release|Any CPU.Build.0 = Release|Any CPU
	EndGlobalSection
	GlobalSection(SolutionProperties) = preSolution
		HideSolutionNode = FALSE
	EndGlobalSection
	GlobalSection(ExtensibilityGlobals) = postSolution
		SolutionGuid = {940BC9A3-3F5B-40BF-A422-9625471C8257}
	EndGlobalSection
EndGlobal
